{
  "requires": true,
  "lockfileVersion": 1,
  "dependencies": {
    "@po-ui/ng-components": {
      "version": "4.11.0",
      "resolved": "https://registry.npmjs.org/@po-ui/ng-components/-/ng-components-4.11.0.tgz",
      "integrity": "sha512-hF4d7I4YBeDl/k46PjaQSMla5Ym0vEIOHRbqKtKiqeAeTwgbJ8iVRr5i+1gf2FidbKIpi+pECtSG6xkvpLOgQA==",
      "requires": {
        "@po-ui/ng-schematics": "4.11.0",
        "@po-ui/style": "4.11.0",
        "tslib": "^2.0.0"
      }
    },
    "@po-ui/ng-schematics": {
      "version": "4.11.0",
      "resolved": "https://registry.npmjs.org/@po-ui/ng-schematics/-/ng-schematics-4.11.0.tgz",
      "integrity": "sha512-Lcb2N9sa3WaQazHvVE/MI6A77oMvOkKfHG4Jd3vMR93Wq4ul9eP+Ybj/sybvOG3Dk/CjF9yMj4/CYrIgYefMBg=="
    },
    "@po-ui/style": {
      "version": "4.11.0",
      "resolved": "https://registry.npmjs.org/@po-ui/style/-/style-4.11.0.tgz",
      "integrity": "sha512-DnCFEWvJ6UpzNMRy8Jtce1S9fVzeHSWfDjOXfGDEUhL+fFWFjBtuBZcRS8HZvJs5KW68oTxQT4KOW/FK+tJ3ig=="
    },
    "tslib": {
      "version": "2.8.1",
      "resolved": "https://registry.npmjs.org/tslib/-/tslib-2.8.1.tgz",
      "integrity": "sha512-oJFu94HQb+KVduSUQL7wnpmqnfmLsOA/nAh6b6EH0wCEoK0/mPeXU6c3wKDV83MkOuHPRHtSXKKU99IBazS/2w=="
    }
  }
}
