
Microsoft Visual Studio Solution File, Format Version 12.00
# Visual Studio Version 17
VisualStudioVersion = 17.10.35201.131
MinimumVisualStudioVersion = 10.0.40219.1
Project("{FAE04EC0-301F-11D3-BF4B-00C04F79EFBC}") = "SMC.SGA.Administrativo", "SMC.SGA.Administrativo\SMC.SGA.Administrativo.csproj", "{844EC361-1FA7-4250-B3DC-027F3888C850}"
	ProjectSection(ProjectDependencies) = postProject
		{909CB7A4-A839-4D7A-BD63-643B61FF5C8E} = {909CB7A4-A839-4D7A-BD63-643B61FF5C8E}
	EndProjectSection
EndProject
Project("{FAE04EC0-301F-11D3-BF4B-00C04F79EFBC}") = "SMC.Academico.Common", "SMC.Academico.Common\SMC.Academico.Common.csproj", "{CC1064E4-9968-420B-A793-876145A3AB66}"
EndProject
Project("{FAE04EC0-301F-11D3-BF4B-00C04F79EFBC}") = "SMC.Academico.UI.Mvc", "SMC.Academico.UI.Mvc\SMC.Academico.UI.Mvc.csproj", "{79170621-8804-4C64-95A1-D2598DB2D483}"
EndProject
Project("{FAE04EC0-301F-11D3-BF4B-00C04F79EFBC}") = "SMC.Academico.ServiceContract", "SMC.Academico.ServiceContract\SMC.Academico.ServiceContract.csproj", "{5F1A4A21-D8F6-4FCD-A851-4FC7861AC61E}"
EndProject
Project("{FAE04EC0-301F-11D3-BF4B-00C04F79EFBC}") = "SMC.Academico.Service", "SMC.Academico.Service\SMC.Academico.Service.csproj", "{5FF11544-9B60-4DEC-A6AC-2D39BB82D445}"
	ProjectSection(ProjectDependencies) = postProject
		{909CB7A4-A839-4D7A-BD63-643B61FF5C8E} = {909CB7A4-A839-4D7A-BD63-643B61FF5C8E}
	EndProjectSection
EndProject
Project("{FAE04EC0-301F-11D3-BF4B-00C04F79EFBC}") = "SMC.Academico.EntityRepository", "SMC.Academico.EntityRepository\SMC.Academico.EntityRepository.csproj", "{96E86703-9CF9-4340-A722-6A924BE081BB}"
	ProjectSection(ProjectDependencies) = postProject
		{909CB7A4-A839-4D7A-BD63-643B61FF5C8E} = {909CB7A4-A839-4D7A-BD63-643B61FF5C8E}
	EndProjectSection
EndProject
Project("{FAE04EC0-301F-11D3-BF4B-00C04F79EFBC}") = "SMC.Academico.Domain", "SMC.Academico.Domain\SMC.Academico.Domain.csproj", "{909CB7A4-A839-4D7A-BD63-643B61FF5C8E}"
EndProject
Project("{FAE04EC0-301F-11D3-BF4B-00C04F79EFBC}") = "SMC.Academico.ServiceHost", "SMC.Academico.ServiceHost\SMC.Academico.ServiceHost.csproj", "{C51D510F-8181-46C8-A70F-D833C466AFD4}"
EndProject
Project("{FAE04EC0-301F-11D3-BF4B-00C04F79EFBC}") = "SMC.Academico.Recursos", "SMC.Academico.Recursos\SMC.Academico.Recursos.csproj", "{AC6ED213-B6A7-4334-ACF4-0D94A1451333}"
EndProject
Project("{FAE04EC0-301F-11D3-BF4B-00C04F79EFBC}") = "SMC.SGA.Aluno", "SMC.SGA.Aluno\SMC.SGA.Aluno.csproj", "{85613962-961B-4B6F-9226-5D7678E467AD}"
EndProject
Project("{FAE04EC0-301F-11D3-BF4B-00C04F79EFBC}") = "SMC.Academico.WebApi", "SMC.Academico.WebApi\SMC.Academico.WebApi.csproj", "{91499A4A-B4BF-475E-83C4-30E70F116975}"
EndProject
Project("{FAE04EC0-301F-11D3-BF4B-00C04F79EFBC}") = "SMC.SGA.Professor", "SMC.SGA.Professor\SMC.SGA.Professor.csproj", "{27B69B60-A119-4568-BE43-3026E74F5448}"
EndProject
Project("{FAE04EC0-301F-11D3-BF4B-00C04F79EFBC}") = "SMC.SGA.BDP", "SMC.SGA.BDP\SMC.SGA.BDP.csproj", "{A043C9E4-15D9-485C-89CF-4C2AC5B231A8}"
EndProject
Project("{FAE04EC0-301F-11D3-BF4B-00C04F79EFBC}") = "SMC.Academico.DataRepository", "SMC.Academico.DataRepository\SMC.Academico.DataRepository.csproj", "{262185CD-248F-45D3-8F6D-6A6DA529E6F9}"
EndProject
Project("{2150E333-8FDC-42A3-9474-1A3956D46DE8}") = "Solution Items", "Solution Items", "{8E154143-3E7B-423F-A94C-0FFC7B9CE21D}"
	ProjectSection(SolutionItems) = preProject
		.tfignore = .tfignore
		Local.testsettings = Local.testsettings
		.nuget\NuGet.config = .nuget\NuGet.config
	EndProjectSection
EndProject
Project("{FAE04EC0-301F-11D3-BF4B-00C04F79EFBC}") = "SMC.Academico.Tests", "SMC.Academico.Tests\SMC.Academico.Tests.csproj", "{554972C6-C1A4-4F47-BF0A-0C7116EDC368}"
EndProject
Project("{FAE04EC0-301F-11D3-BF4B-00C04F79EFBC}") = "SMC.Academico.ReportHost", "SMC.Academico.ReportHost\SMC.Academico.ReportHost.csproj", "{E8F800BF-8CC7-446D-8106-5DF3D02F0255}"
EndProject
Project("{FAE04EC0-301F-11D3-BF4B-00C04F79EFBC}") = "SMC.Academico.UnitTests", "SMC.Academico.UnitTests\SMC.Academico.UnitTests.csproj", "{4FAA9E6A-FD01-4D48-93BF-8AB5930CEE11}"
EndProject
Project("{9092AA53-FB77-4645-B42D-1CCCA6BD08BD}") = "SMC.Academico.Client", "SMC.Academico.Client\SMC.Academico.Client.njsproj", "{52FDE432-FFD7-491B-8116-E0598C3E93A0}"
EndProject
Project("{FAE04EC0-301F-11D3-BF4B-00C04F79EFBC}") = "SMC.SGA.Mobile", "SMC.SGA.Mobile\SMC.SGA.Mobile.csproj", "{069998AB-7880-4CA5-816B-0B619956DF22}"
EndProject
Project("{FAE04EC0-301F-11D3-BF4B-00C04F79EFBC}") = "SMC.Academico.FilesCollection", "SMC.Academico.FilesCollection\SMC.Academico.FilesCollection.csproj", "{00FFB94D-F4FC-4A70-BF41-72FD5867920F}"
EndProject
Global
	GlobalSection(SolutionConfigurationPlatforms) = preSolution
		Debug|Any CPU = Debug|Any CPU
		Desenvolvimento|Any CPU = Desenvolvimento|Any CPU
		Homologacao|Any CPU = Homologacao|Any CPU
		Producao|Any CPU = Producao|Any CPU
		Qualidade|Any CPU = Qualidade|Any CPU
		Release|Any CPU = Release|Any CPU
	EndGlobalSection
	GlobalSection(ProjectConfigurationPlatforms) = postSolution
		{844EC361-1FA7-4250-B3DC-027F3888C850}.Debug|Any CPU.ActiveCfg = Debug|Any CPU
		{844EC361-1FA7-4250-B3DC-027F3888C850}.Debug|Any CPU.Build.0 = Debug|Any CPU
		{844EC361-1FA7-4250-B3DC-027F3888C850}.Desenvolvimento|Any CPU.ActiveCfg = Desenvolvimento|Any CPU
		{844EC361-1FA7-4250-B3DC-027F3888C850}.Desenvolvimento|Any CPU.Build.0 = Desenvolvimento|Any CPU
		{844EC361-1FA7-4250-B3DC-027F3888C850}.Homologacao|Any CPU.ActiveCfg = Homologacao|Any CPU
		{844EC361-1FA7-4250-B3DC-027F3888C850}.Homologacao|Any CPU.Build.0 = Homologacao|Any CPU
		{844EC361-1FA7-4250-B3DC-027F3888C850}.Producao|Any CPU.ActiveCfg = Producao|Any CPU
		{844EC361-1FA7-4250-B3DC-027F3888C850}.Producao|Any CPU.Build.0 = Producao|Any CPU
		{844EC361-1FA7-4250-B3DC-027F3888C850}.Qualidade|Any CPU.ActiveCfg = Qualidade|Any CPU
		{844EC361-1FA7-4250-B3DC-027F3888C850}.Qualidade|Any CPU.Build.0 = Qualidade|Any CPU
		{844EC361-1FA7-4250-B3DC-027F3888C850}.Release|Any CPU.ActiveCfg = Release|Any CPU
		{844EC361-1FA7-4250-B3DC-027F3888C850}.Release|Any CPU.Build.0 = Release|Any CPU
		{CC1064E4-9968-420B-A793-876145A3AB66}.Debug|Any CPU.ActiveCfg = Debug|Any CPU
		{CC1064E4-9968-420B-A793-876145A3AB66}.Debug|Any CPU.Build.0 = Debug|Any CPU
		{CC1064E4-9968-420B-A793-876145A3AB66}.Desenvolvimento|Any CPU.ActiveCfg = Desenvolvimento|Any CPU
		{CC1064E4-9968-420B-A793-876145A3AB66}.Desenvolvimento|Any CPU.Build.0 = Desenvolvimento|Any CPU
		{CC1064E4-9968-420B-A793-876145A3AB66}.Homologacao|Any CPU.ActiveCfg = Homologacao|Any CPU
		{CC1064E4-9968-420B-A793-876145A3AB66}.Homologacao|Any CPU.Build.0 = Homologacao|Any CPU
		{CC1064E4-9968-420B-A793-876145A3AB66}.Producao|Any CPU.ActiveCfg = Producao|Any CPU
		{CC1064E4-9968-420B-A793-876145A3AB66}.Producao|Any CPU.Build.0 = Producao|Any CPU
		{CC1064E4-9968-420B-A793-876145A3AB66}.Qualidade|Any CPU.ActiveCfg = Qualidade|Any CPU
		{CC1064E4-9968-420B-A793-876145A3AB66}.Qualidade|Any CPU.Build.0 = Qualidade|Any CPU
		{CC1064E4-9968-420B-A793-876145A3AB66}.Release|Any CPU.ActiveCfg = Release|Any CPU
		{CC1064E4-9968-420B-A793-876145A3AB66}.Release|Any CPU.Build.0 = Release|Any CPU
		{79170621-8804-4C64-95A1-D2598DB2D483}.Debug|Any CPU.ActiveCfg = Debug|Any CPU
		{79170621-8804-4C64-95A1-D2598DB2D483}.Debug|Any CPU.Build.0 = Debug|Any CPU
		{79170621-8804-4C64-95A1-D2598DB2D483}.Desenvolvimento|Any CPU.ActiveCfg = Desenvolvimento|Any CPU
		{79170621-8804-4C64-95A1-D2598DB2D483}.Desenvolvimento|Any CPU.Build.0 = Desenvolvimento|Any CPU
		{79170621-8804-4C64-95A1-D2598DB2D483}.Homologacao|Any CPU.ActiveCfg = Homologacao|Any CPU
		{79170621-8804-4C64-95A1-D2598DB2D483}.Homologacao|Any CPU.Build.0 = Homologacao|Any CPU
		{79170621-8804-4C64-95A1-D2598DB2D483}.Producao|Any CPU.ActiveCfg = Producao|Any CPU
		{79170621-8804-4C64-95A1-D2598DB2D483}.Producao|Any CPU.Build.0 = Producao|Any CPU
		{79170621-8804-4C64-95A1-D2598DB2D483}.Qualidade|Any CPU.ActiveCfg = Qualidade|Any CPU
		{79170621-8804-4C64-95A1-D2598DB2D483}.Qualidade|Any CPU.Build.0 = Qualidade|Any CPU
		{79170621-8804-4C64-95A1-D2598DB2D483}.Release|Any CPU.ActiveCfg = Release|Any CPU
		{79170621-8804-4C64-95A1-D2598DB2D483}.Release|Any CPU.Build.0 = Release|Any CPU
		{5F1A4A21-D8F6-4FCD-A851-4FC7861AC61E}.Debug|Any CPU.ActiveCfg = Debug|Any CPU
		{5F1A4A21-D8F6-4FCD-A851-4FC7861AC61E}.Debug|Any CPU.Build.0 = Debug|Any CPU
		{5F1A4A21-D8F6-4FCD-A851-4FC7861AC61E}.Desenvolvimento|Any CPU.ActiveCfg = Desenvolvimento|Any CPU
		{5F1A4A21-D8F6-4FCD-A851-4FC7861AC61E}.Desenvolvimento|Any CPU.Build.0 = Desenvolvimento|Any CPU
		{5F1A4A21-D8F6-4FCD-A851-4FC7861AC61E}.Homologacao|Any CPU.ActiveCfg = Homologacao|Any CPU
		{5F1A4A21-D8F6-4FCD-A851-4FC7861AC61E}.Homologacao|Any CPU.Build.0 = Homologacao|Any CPU
		{5F1A4A21-D8F6-4FCD-A851-4FC7861AC61E}.Producao|Any CPU.ActiveCfg = Producao|Any CPU
		{5F1A4A21-D8F6-4FCD-A851-4FC7861AC61E}.Producao|Any CPU.Build.0 = Producao|Any CPU
		{5F1A4A21-D8F6-4FCD-A851-4FC7861AC61E}.Qualidade|Any CPU.ActiveCfg = Qualidade|Any CPU
		{5F1A4A21-D8F6-4FCD-A851-4FC7861AC61E}.Qualidade|Any CPU.Build.0 = Qualidade|Any CPU
		{5F1A4A21-D8F6-4FCD-A851-4FC7861AC61E}.Release|Any CPU.ActiveCfg = Release|Any CPU
		{5F1A4A21-D8F6-4FCD-A851-4FC7861AC61E}.Release|Any CPU.Build.0 = Release|Any CPU
		{5FF11544-9B60-4DEC-A6AC-2D39BB82D445}.Debug|Any CPU.ActiveCfg = Debug|Any CPU
		{5FF11544-9B60-4DEC-A6AC-2D39BB82D445}.Debug|Any CPU.Build.0 = Debug|Any CPU
		{5FF11544-9B60-4DEC-A6AC-2D39BB82D445}.Desenvolvimento|Any CPU.ActiveCfg = Desenvolvimento|Any CPU
		{5FF11544-9B60-4DEC-A6AC-2D39BB82D445}.Desenvolvimento|Any CPU.Build.0 = Desenvolvimento|Any CPU
		{5FF11544-9B60-4DEC-A6AC-2D39BB82D445}.Homologacao|Any CPU.ActiveCfg = Homologacao|Any CPU
		{5FF11544-9B60-4DEC-A6AC-2D39BB82D445}.Homologacao|Any CPU.Build.0 = Homologacao|Any CPU
		{5FF11544-9B60-4DEC-A6AC-2D39BB82D445}.Producao|Any CPU.ActiveCfg = Producao|Any CPU
		{5FF11544-9B60-4DEC-A6AC-2D39BB82D445}.Producao|Any CPU.Build.0 = Producao|Any CPU
		{5FF11544-9B60-4DEC-A6AC-2D39BB82D445}.Qualidade|Any CPU.ActiveCfg = Qualidade|Any CPU
		{5FF11544-9B60-4DEC-A6AC-2D39BB82D445}.Qualidade|Any CPU.Build.0 = Qualidade|Any CPU
		{5FF11544-9B60-4DEC-A6AC-2D39BB82D445}.Release|Any CPU.ActiveCfg = Release|Any CPU
		{5FF11544-9B60-4DEC-A6AC-2D39BB82D445}.Release|Any CPU.Build.0 = Release|Any CPU
		{96E86703-9CF9-4340-A722-6A924BE081BB}.Debug|Any CPU.ActiveCfg = Debug|Any CPU
		{96E86703-9CF9-4340-A722-6A924BE081BB}.Debug|Any CPU.Build.0 = Debug|Any CPU
		{96E86703-9CF9-4340-A722-6A924BE081BB}.Desenvolvimento|Any CPU.ActiveCfg = Desenvolvimento|Any CPU
		{96E86703-9CF9-4340-A722-6A924BE081BB}.Desenvolvimento|Any CPU.Build.0 = Desenvolvimento|Any CPU
		{96E86703-9CF9-4340-A722-6A924BE081BB}.Homologacao|Any CPU.ActiveCfg = Homologacao|Any CPU
		{96E86703-9CF9-4340-A722-6A924BE081BB}.Homologacao|Any CPU.Build.0 = Homologacao|Any CPU
		{96E86703-9CF9-4340-A722-6A924BE081BB}.Producao|Any CPU.ActiveCfg = Producao|Any CPU
		{96E86703-9CF9-4340-A722-6A924BE081BB}.Producao|Any CPU.Build.0 = Producao|Any CPU
		{96E86703-9CF9-4340-A722-6A924BE081BB}.Qualidade|Any CPU.ActiveCfg = Qualidade|Any CPU
		{96E86703-9CF9-4340-A722-6A924BE081BB}.Qualidade|Any CPU.Build.0 = Qualidade|Any CPU
		{96E86703-9CF9-4340-A722-6A924BE081BB}.Release|Any CPU.ActiveCfg = Release|Any CPU
		{96E86703-9CF9-4340-A722-6A924BE081BB}.Release|Any CPU.Build.0 = Release|Any CPU
		{909CB7A4-A839-4D7A-BD63-643B61FF5C8E}.Debug|Any CPU.ActiveCfg = Debug|Any CPU
		{909CB7A4-A839-4D7A-BD63-643B61FF5C8E}.Debug|Any CPU.Build.0 = Debug|Any CPU
		{909CB7A4-A839-4D7A-BD63-643B61FF5C8E}.Desenvolvimento|Any CPU.ActiveCfg = Desenvolvimento|Any CPU
		{909CB7A4-A839-4D7A-BD63-643B61FF5C8E}.Desenvolvimento|Any CPU.Build.0 = Desenvolvimento|Any CPU
		{909CB7A4-A839-4D7A-BD63-643B61FF5C8E}.Homologacao|Any CPU.ActiveCfg = Homologacao|Any CPU
		{909CB7A4-A839-4D7A-BD63-643B61FF5C8E}.Homologacao|Any CPU.Build.0 = Homologacao|Any CPU
		{909CB7A4-A839-4D7A-BD63-643B61FF5C8E}.Producao|Any CPU.ActiveCfg = Producao|Any CPU
		{909CB7A4-A839-4D7A-BD63-643B61FF5C8E}.Producao|Any CPU.Build.0 = Producao|Any CPU
		{909CB7A4-A839-4D7A-BD63-643B61FF5C8E}.Qualidade|Any CPU.ActiveCfg = Qualidade|Any CPU
		{909CB7A4-A839-4D7A-BD63-643B61FF5C8E}.Qualidade|Any CPU.Build.0 = Qualidade|Any CPU
		{909CB7A4-A839-4D7A-BD63-643B61FF5C8E}.Release|Any CPU.ActiveCfg = Release|Any CPU
		{909CB7A4-A839-4D7A-BD63-643B61FF5C8E}.Release|Any CPU.Build.0 = Release|Any CPU
		{C51D510F-8181-46C8-A70F-D833C466AFD4}.Debug|Any CPU.ActiveCfg = Debug|Any CPU
		{C51D510F-8181-46C8-A70F-D833C466AFD4}.Debug|Any CPU.Build.0 = Debug|Any CPU
		{C51D510F-8181-46C8-A70F-D833C466AFD4}.Desenvolvimento|Any CPU.ActiveCfg = Desenvolvimento|Any CPU
		{C51D510F-8181-46C8-A70F-D833C466AFD4}.Desenvolvimento|Any CPU.Build.0 = Desenvolvimento|Any CPU
		{C51D510F-8181-46C8-A70F-D833C466AFD4}.Homologacao|Any CPU.ActiveCfg = Homologacao|Any CPU
		{C51D510F-8181-46C8-A70F-D833C466AFD4}.Homologacao|Any CPU.Build.0 = Homologacao|Any CPU
		{C51D510F-8181-46C8-A70F-D833C466AFD4}.Producao|Any CPU.ActiveCfg = Producao|Any CPU
		{C51D510F-8181-46C8-A70F-D833C466AFD4}.Producao|Any CPU.Build.0 = Producao|Any CPU
		{C51D510F-8181-46C8-A70F-D833C466AFD4}.Qualidade|Any CPU.ActiveCfg = Qualidade|Any CPU
		{C51D510F-8181-46C8-A70F-D833C466AFD4}.Qualidade|Any CPU.Build.0 = Qualidade|Any CPU
		{C51D510F-8181-46C8-A70F-D833C466AFD4}.Release|Any CPU.ActiveCfg = Release|Any CPU
		{C51D510F-8181-46C8-A70F-D833C466AFD4}.Release|Any CPU.Build.0 = Release|Any CPU
		{AC6ED213-B6A7-4334-ACF4-0D94A1451333}.Debug|Any CPU.ActiveCfg = Debug|Any CPU
		{AC6ED213-B6A7-4334-ACF4-0D94A1451333}.Debug|Any CPU.Build.0 = Debug|Any CPU
		{AC6ED213-B6A7-4334-ACF4-0D94A1451333}.Desenvolvimento|Any CPU.ActiveCfg = Desenvolvimento|Any CPU
		{AC6ED213-B6A7-4334-ACF4-0D94A1451333}.Desenvolvimento|Any CPU.Build.0 = Desenvolvimento|Any CPU
		{AC6ED213-B6A7-4334-ACF4-0D94A1451333}.Homologacao|Any CPU.ActiveCfg = Homologacao|Any CPU
		{AC6ED213-B6A7-4334-ACF4-0D94A1451333}.Homologacao|Any CPU.Build.0 = Homologacao|Any CPU
		{AC6ED213-B6A7-4334-ACF4-0D94A1451333}.Producao|Any CPU.ActiveCfg = Producao|Any CPU
		{AC6ED213-B6A7-4334-ACF4-0D94A1451333}.Producao|Any CPU.Build.0 = Producao|Any CPU
		{AC6ED213-B6A7-4334-ACF4-0D94A1451333}.Qualidade|Any CPU.ActiveCfg = Qualidade|Any CPU
		{AC6ED213-B6A7-4334-ACF4-0D94A1451333}.Qualidade|Any CPU.Build.0 = Qualidade|Any CPU
		{AC6ED213-B6A7-4334-ACF4-0D94A1451333}.Release|Any CPU.ActiveCfg = Release|Any CPU
		{AC6ED213-B6A7-4334-ACF4-0D94A1451333}.Release|Any CPU.Build.0 = Release|Any CPU
		{85613962-961B-4B6F-9226-5D7678E467AD}.Debug|Any CPU.ActiveCfg = Debug|Any CPU
		{85613962-961B-4B6F-9226-5D7678E467AD}.Debug|Any CPU.Build.0 = Debug|Any CPU
		{85613962-961B-4B6F-9226-5D7678E467AD}.Desenvolvimento|Any CPU.ActiveCfg = Desenvolvimento|Any CPU
		{85613962-961B-4B6F-9226-5D7678E467AD}.Desenvolvimento|Any CPU.Build.0 = Desenvolvimento|Any CPU
		{85613962-961B-4B6F-9226-5D7678E467AD}.Homologacao|Any CPU.ActiveCfg = Homologacao|Any CPU
		{85613962-961B-4B6F-9226-5D7678E467AD}.Homologacao|Any CPU.Build.0 = Homologacao|Any CPU
		{85613962-961B-4B6F-9226-5D7678E467AD}.Producao|Any CPU.ActiveCfg = Producao|Any CPU
		{85613962-961B-4B6F-9226-5D7678E467AD}.Producao|Any CPU.Build.0 = Producao|Any CPU
		{85613962-961B-4B6F-9226-5D7678E467AD}.Qualidade|Any CPU.ActiveCfg = Qualidade|Any CPU
		{85613962-961B-4B6F-9226-5D7678E467AD}.Qualidade|Any CPU.Build.0 = Qualidade|Any CPU
		{85613962-961B-4B6F-9226-5D7678E467AD}.Release|Any CPU.ActiveCfg = Release|Any CPU
		{85613962-961B-4B6F-9226-5D7678E467AD}.Release|Any CPU.Build.0 = Release|Any CPU
		{91499A4A-B4BF-475E-83C4-30E70F116975}.Debug|Any CPU.ActiveCfg = Debug|Any CPU
		{91499A4A-B4BF-475E-83C4-30E70F116975}.Debug|Any CPU.Build.0 = Debug|Any CPU
		{91499A4A-B4BF-475E-83C4-30E70F116975}.Desenvolvimento|Any CPU.ActiveCfg = Desenvolvimento|Any CPU
		{91499A4A-B4BF-475E-83C4-30E70F116975}.Desenvolvimento|Any CPU.Build.0 = Desenvolvimento|Any CPU
		{91499A4A-B4BF-475E-83C4-30E70F116975}.Homologacao|Any CPU.ActiveCfg = Homologacao|Any CPU
		{91499A4A-B4BF-475E-83C4-30E70F116975}.Homologacao|Any CPU.Build.0 = Homologacao|Any CPU
		{91499A4A-B4BF-475E-83C4-30E70F116975}.Producao|Any CPU.ActiveCfg = Producao|Any CPU
		{91499A4A-B4BF-475E-83C4-30E70F116975}.Producao|Any CPU.Build.0 = Producao|Any CPU
		{91499A4A-B4BF-475E-83C4-30E70F116975}.Qualidade|Any CPU.ActiveCfg = Qualidade|Any CPU
		{91499A4A-B4BF-475E-83C4-30E70F116975}.Qualidade|Any CPU.Build.0 = Qualidade|Any CPU
		{91499A4A-B4BF-475E-83C4-30E70F116975}.Release|Any CPU.ActiveCfg = Release|Any CPU
		{91499A4A-B4BF-475E-83C4-30E70F116975}.Release|Any CPU.Build.0 = Release|Any CPU
		{27B69B60-A119-4568-BE43-3026E74F5448}.Debug|Any CPU.ActiveCfg = Debug|Any CPU
		{27B69B60-A119-4568-BE43-3026E74F5448}.Debug|Any CPU.Build.0 = Debug|Any CPU
		{27B69B60-A119-4568-BE43-3026E74F5448}.Desenvolvimento|Any CPU.ActiveCfg = Desenvolvimento|Any CPU
		{27B69B60-A119-4568-BE43-3026E74F5448}.Desenvolvimento|Any CPU.Build.0 = Desenvolvimento|Any CPU
		{27B69B60-A119-4568-BE43-3026E74F5448}.Homologacao|Any CPU.ActiveCfg = Homologacao|Any CPU
		{27B69B60-A119-4568-BE43-3026E74F5448}.Homologacao|Any CPU.Build.0 = Homologacao|Any CPU
		{27B69B60-A119-4568-BE43-3026E74F5448}.Producao|Any CPU.ActiveCfg = Producao|Any CPU
		{27B69B60-A119-4568-BE43-3026E74F5448}.Producao|Any CPU.Build.0 = Producao|Any CPU
		{27B69B60-A119-4568-BE43-3026E74F5448}.Qualidade|Any CPU.ActiveCfg = Qualidade|Any CPU
		{27B69B60-A119-4568-BE43-3026E74F5448}.Qualidade|Any CPU.Build.0 = Qualidade|Any CPU
		{27B69B60-A119-4568-BE43-3026E74F5448}.Release|Any CPU.ActiveCfg = Release|Any CPU
		{27B69B60-A119-4568-BE43-3026E74F5448}.Release|Any CPU.Build.0 = Release|Any CPU
		{A043C9E4-15D9-485C-89CF-4C2AC5B231A8}.Debug|Any CPU.ActiveCfg = Debug|Any CPU
		{A043C9E4-15D9-485C-89CF-4C2AC5B231A8}.Debug|Any CPU.Build.0 = Debug|Any CPU
		{A043C9E4-15D9-485C-89CF-4C2AC5B231A8}.Desenvolvimento|Any CPU.ActiveCfg = Desenvolvimento|Any CPU
		{A043C9E4-15D9-485C-89CF-4C2AC5B231A8}.Desenvolvimento|Any CPU.Build.0 = Desenvolvimento|Any CPU
		{A043C9E4-15D9-485C-89CF-4C2AC5B231A8}.Homologacao|Any CPU.ActiveCfg = Homologacao|Any CPU
		{A043C9E4-15D9-485C-89CF-4C2AC5B231A8}.Homologacao|Any CPU.Build.0 = Homologacao|Any CPU
		{A043C9E4-15D9-485C-89CF-4C2AC5B231A8}.Producao|Any CPU.ActiveCfg = Producao|Any CPU
		{A043C9E4-15D9-485C-89CF-4C2AC5B231A8}.Producao|Any CPU.Build.0 = Producao|Any CPU
		{A043C9E4-15D9-485C-89CF-4C2AC5B231A8}.Qualidade|Any CPU.ActiveCfg = Qualidade|Any CPU
		{A043C9E4-15D9-485C-89CF-4C2AC5B231A8}.Qualidade|Any CPU.Build.0 = Qualidade|Any CPU
		{A043C9E4-15D9-485C-89CF-4C2AC5B231A8}.Release|Any CPU.ActiveCfg = Release|Any CPU
		{A043C9E4-15D9-485C-89CF-4C2AC5B231A8}.Release|Any CPU.Build.0 = Release|Any CPU
		{262185CD-248F-45D3-8F6D-6A6DA529E6F9}.Debug|Any CPU.ActiveCfg = Debug|Any CPU
		{262185CD-248F-45D3-8F6D-6A6DA529E6F9}.Debug|Any CPU.Build.0 = Debug|Any CPU
		{262185CD-248F-45D3-8F6D-6A6DA529E6F9}.Desenvolvimento|Any CPU.ActiveCfg = Desenvolvimento|Any CPU
		{262185CD-248F-45D3-8F6D-6A6DA529E6F9}.Desenvolvimento|Any CPU.Build.0 = Desenvolvimento|Any CPU
		{262185CD-248F-45D3-8F6D-6A6DA529E6F9}.Homologacao|Any CPU.ActiveCfg = Homologacao|Any CPU
		{262185CD-248F-45D3-8F6D-6A6DA529E6F9}.Homologacao|Any CPU.Build.0 = Homologacao|Any CPU
		{262185CD-248F-45D3-8F6D-6A6DA529E6F9}.Producao|Any CPU.ActiveCfg = Producao|Any CPU
		{262185CD-248F-45D3-8F6D-6A6DA529E6F9}.Producao|Any CPU.Build.0 = Producao|Any CPU
		{262185CD-248F-45D3-8F6D-6A6DA529E6F9}.Qualidade|Any CPU.ActiveCfg = Qualidade|Any CPU
		{262185CD-248F-45D3-8F6D-6A6DA529E6F9}.Qualidade|Any CPU.Build.0 = Qualidade|Any CPU
		{262185CD-248F-45D3-8F6D-6A6DA529E6F9}.Release|Any CPU.ActiveCfg = Release|Any CPU
		{262185CD-248F-45D3-8F6D-6A6DA529E6F9}.Release|Any CPU.Build.0 = Release|Any CPU
		{554972C6-C1A4-4F47-BF0A-0C7116EDC368}.Debug|Any CPU.ActiveCfg = Debug|Any CPU
		{554972C6-C1A4-4F47-BF0A-0C7116EDC368}.Debug|Any CPU.Build.0 = Debug|Any CPU
		{554972C6-C1A4-4F47-BF0A-0C7116EDC368}.Desenvolvimento|Any CPU.ActiveCfg = Desenvolvimento|Any CPU
		{554972C6-C1A4-4F47-BF0A-0C7116EDC368}.Desenvolvimento|Any CPU.Build.0 = Desenvolvimento|Any CPU
		{554972C6-C1A4-4F47-BF0A-0C7116EDC368}.Homologacao|Any CPU.ActiveCfg = Homologacao|Any CPU
		{554972C6-C1A4-4F47-BF0A-0C7116EDC368}.Homologacao|Any CPU.Build.0 = Homologacao|Any CPU
		{554972C6-C1A4-4F47-BF0A-0C7116EDC368}.Producao|Any CPU.ActiveCfg = Release|Any CPU
		{554972C6-C1A4-4F47-BF0A-0C7116EDC368}.Producao|Any CPU.Build.0 = Release|Any CPU
		{554972C6-C1A4-4F47-BF0A-0C7116EDC368}.Qualidade|Any CPU.ActiveCfg = Qualidade|Any CPU
		{554972C6-C1A4-4F47-BF0A-0C7116EDC368}.Qualidade|Any CPU.Build.0 = Qualidade|Any CPU
		{554972C6-C1A4-4F47-BF0A-0C7116EDC368}.Release|Any CPU.ActiveCfg = Release|Any CPU
		{554972C6-C1A4-4F47-BF0A-0C7116EDC368}.Release|Any CPU.Build.0 = Release|Any CPU
		{E8F800BF-8CC7-446D-8106-5DF3D02F0255}.Debug|Any CPU.ActiveCfg = Debug|Any CPU
		{E8F800BF-8CC7-446D-8106-5DF3D02F0255}.Debug|Any CPU.Build.0 = Debug|Any CPU
		{E8F800BF-8CC7-446D-8106-5DF3D02F0255}.Desenvolvimento|Any CPU.ActiveCfg = Desenvolvimento|Any CPU
		{E8F800BF-8CC7-446D-8106-5DF3D02F0255}.Desenvolvimento|Any CPU.Build.0 = Desenvolvimento|Any CPU
		{E8F800BF-8CC7-446D-8106-5DF3D02F0255}.Homologacao|Any CPU.ActiveCfg = Homologacao|Any CPU
		{E8F800BF-8CC7-446D-8106-5DF3D02F0255}.Homologacao|Any CPU.Build.0 = Homologacao|Any CPU
		{E8F800BF-8CC7-446D-8106-5DF3D02F0255}.Producao|Any CPU.ActiveCfg = Producao|Any CPU
		{E8F800BF-8CC7-446D-8106-5DF3D02F0255}.Producao|Any CPU.Build.0 = Producao|Any CPU
		{E8F800BF-8CC7-446D-8106-5DF3D02F0255}.Qualidade|Any CPU.ActiveCfg = Qualidade|Any CPU
		{E8F800BF-8CC7-446D-8106-5DF3D02F0255}.Qualidade|Any CPU.Build.0 = Qualidade|Any CPU
		{E8F800BF-8CC7-446D-8106-5DF3D02F0255}.Release|Any CPU.ActiveCfg = Release|Any CPU
		{E8F800BF-8CC7-446D-8106-5DF3D02F0255}.Release|Any CPU.Build.0 = Release|Any CPU
		{4FAA9E6A-FD01-4D48-93BF-8AB5930CEE11}.Debug|Any CPU.ActiveCfg = Debug|Any CPU
		{4FAA9E6A-FD01-4D48-93BF-8AB5930CEE11}.Debug|Any CPU.Build.0 = Debug|Any CPU
		{4FAA9E6A-FD01-4D48-93BF-8AB5930CEE11}.Desenvolvimento|Any CPU.ActiveCfg = Desenvolvimento|Any CPU
		{4FAA9E6A-FD01-4D48-93BF-8AB5930CEE11}.Desenvolvimento|Any CPU.Build.0 = Desenvolvimento|Any CPU
		{4FAA9E6A-FD01-4D48-93BF-8AB5930CEE11}.Homologacao|Any CPU.ActiveCfg = Homologacao|Any CPU
		{4FAA9E6A-FD01-4D48-93BF-8AB5930CEE11}.Homologacao|Any CPU.Build.0 = Homologacao|Any CPU
		{4FAA9E6A-FD01-4D48-93BF-8AB5930CEE11}.Producao|Any CPU.ActiveCfg = Homologacao|Any CPU
		{4FAA9E6A-FD01-4D48-93BF-8AB5930CEE11}.Producao|Any CPU.Build.0 = Homologacao|Any CPU
		{4FAA9E6A-FD01-4D48-93BF-8AB5930CEE11}.Qualidade|Any CPU.ActiveCfg = Qualidade|Any CPU
		{4FAA9E6A-FD01-4D48-93BF-8AB5930CEE11}.Qualidade|Any CPU.Build.0 = Qualidade|Any CPU
		{4FAA9E6A-FD01-4D48-93BF-8AB5930CEE11}.Release|Any CPU.ActiveCfg = Release|Any CPU
		{4FAA9E6A-FD01-4D48-93BF-8AB5930CEE11}.Release|Any CPU.Build.0 = Release|Any CPU
		{52FDE432-FFD7-491B-8116-E0598C3E93A0}.Debug|Any CPU.ActiveCfg = Debug|Any CPU
		{52FDE432-FFD7-491B-8116-E0598C3E93A0}.Desenvolvimento|Any CPU.ActiveCfg = Debug|Any CPU
		{52FDE432-FFD7-491B-8116-E0598C3E93A0}.Desenvolvimento|Any CPU.Build.0 = Debug|Any CPU
		{52FDE432-FFD7-491B-8116-E0598C3E93A0}.Homologacao|Any CPU.ActiveCfg = Release|Any CPU
		{52FDE432-FFD7-491B-8116-E0598C3E93A0}.Homologacao|Any CPU.Build.0 = Release|Any CPU
		{52FDE432-FFD7-491B-8116-E0598C3E93A0}.Producao|Any CPU.ActiveCfg = Release|Any CPU
		{52FDE432-FFD7-491B-8116-E0598C3E93A0}.Producao|Any CPU.Build.0 = Release|Any CPU
		{52FDE432-FFD7-491B-8116-E0598C3E93A0}.Qualidade|Any CPU.ActiveCfg = Release|Any CPU
		{52FDE432-FFD7-491B-8116-E0598C3E93A0}.Qualidade|Any CPU.Build.0 = Release|Any CPU
		{52FDE432-FFD7-491B-8116-E0598C3E93A0}.Release|Any CPU.ActiveCfg = Release|Any CPU
		{069998AB-7880-4CA5-816B-0B619956DF22}.Debug|Any CPU.ActiveCfg = Debug|Any CPU
		{069998AB-7880-4CA5-816B-0B619956DF22}.Debug|Any CPU.Build.0 = Debug|Any CPU
		{069998AB-7880-4CA5-816B-0B619956DF22}.Desenvolvimento|Any CPU.ActiveCfg = Desenvolvimento|Any CPU
		{069998AB-7880-4CA5-816B-0B619956DF22}.Desenvolvimento|Any CPU.Build.0 = Desenvolvimento|Any CPU
		{069998AB-7880-4CA5-816B-0B619956DF22}.Homologacao|Any CPU.ActiveCfg = Homologacao|Any CPU
		{069998AB-7880-4CA5-816B-0B619956DF22}.Homologacao|Any CPU.Build.0 = Homologacao|Any CPU
		{069998AB-7880-4CA5-816B-0B619956DF22}.Producao|Any CPU.ActiveCfg = Producao|Any CPU
		{069998AB-7880-4CA5-816B-0B619956DF22}.Producao|Any CPU.Build.0 = Producao|Any CPU
		{069998AB-7880-4CA5-816B-0B619956DF22}.Qualidade|Any CPU.ActiveCfg = Qualidade|Any CPU
		{069998AB-7880-4CA5-816B-0B619956DF22}.Qualidade|Any CPU.Build.0 = Qualidade|Any CPU
		{069998AB-7880-4CA5-816B-0B619956DF22}.Release|Any CPU.ActiveCfg = Release|Any CPU
		{069998AB-7880-4CA5-816B-0B619956DF22}.Release|Any CPU.Build.0 = Release|Any CPU
		{00FFB94D-F4FC-4A70-BF41-72FD5867920F}.Debug|Any CPU.ActiveCfg = Debug|Any CPU
		{00FFB94D-F4FC-4A70-BF41-72FD5867920F}.Debug|Any CPU.Build.0 = Debug|Any CPU
		{00FFB94D-F4FC-4A70-BF41-72FD5867920F}.Desenvolvimento|Any CPU.ActiveCfg = Debug|Any CPU
		{00FFB94D-F4FC-4A70-BF41-72FD5867920F}.Desenvolvimento|Any CPU.Build.0 = Debug|Any CPU
		{00FFB94D-F4FC-4A70-BF41-72FD5867920F}.Homologacao|Any CPU.ActiveCfg = Debug|Any CPU
		{00FFB94D-F4FC-4A70-BF41-72FD5867920F}.Homologacao|Any CPU.Build.0 = Debug|Any CPU
		{00FFB94D-F4FC-4A70-BF41-72FD5867920F}.Producao|Any CPU.ActiveCfg = Debug|Any CPU
		{00FFB94D-F4FC-4A70-BF41-72FD5867920F}.Producao|Any CPU.Build.0 = Debug|Any CPU
		{00FFB94D-F4FC-4A70-BF41-72FD5867920F}.Qualidade|Any CPU.ActiveCfg = Debug|Any CPU
		{00FFB94D-F4FC-4A70-BF41-72FD5867920F}.Qualidade|Any CPU.Build.0 = Debug|Any CPU
		{00FFB94D-F4FC-4A70-BF41-72FD5867920F}.Release|Any CPU.ActiveCfg = Release|Any CPU
		{00FFB94D-F4FC-4A70-BF41-72FD5867920F}.Release|Any CPU.Build.0 = Release|Any CPU
	EndGlobalSection
	GlobalSection(SolutionProperties) = preSolution
		HideSolutionNode = FALSE
	EndGlobalSection
	GlobalSection(ExtensibilityGlobals) = postSolution
		SolutionGuid = {9FA5382E-64A7-4D4C-89A4-270CB3C3BA51}
	EndGlobalSection
	GlobalSection(TeamFoundationVersionControl) = preSolution
		SccNumberOfProjects = 21
		SccEnterpriseProvider = {4CA58AB2-18FA-4F8D-95D4-32DDF27D184C}
		SccTeamFoundationServer = http://tfs.pucminas.br:8080/tfs/gti
		SccLocalPath0 = .
		SccProjectUniqueName1 = SMC.SGA.Administrativo\\SMC.SGA.Administrativo.csproj
		SccProjectName1 = SMC.SGA.Administrativo
		SccLocalPath1 = SMC.SGA.Administrativo
		SccProjectUniqueName2 = SMC.Academico.ServiceHost\\SMC.Academico.ServiceHost.csproj
		SccProjectName2 = SMC.Academico.ServiceHost
		SccLocalPath2 = SMC.Academico.ServiceHost
		SccProjectUniqueName3 = SMC.Academico.Common\\SMC.Academico.Common.csproj
		SccProjectName3 = SMC.Academico.Common
		SccLocalPath3 = SMC.Academico.Common
		SccProjectUniqueName4 = SMC.Academico.UI.Mvc\\SMC.Academico.UI.Mvc.csproj
		SccProjectName4 = SMC.Academico.UI.Mvc
		SccLocalPath4 = SMC.Academico.UI.Mvc
		SccProjectUniqueName5 = SMC.Academico.ServiceContract\\SMC.Academico.ServiceContract.csproj
		SccProjectName5 = SMC.Academico.ServiceContract
		SccLocalPath5 = SMC.Academico.ServiceContract
		SccProjectUniqueName6 = SMC.Academico.Service\\SMC.Academico.Service.csproj
		SccProjectName6 = SMC.Academico.Service
		SccLocalPath6 = SMC.Academico.Service
		SccProjectUniqueName7 = SMC.Academico.EntityRepository\\SMC.Academico.EntityRepository.csproj
		SccProjectName7 = SMC.Academico.EntityRepository
		SccLocalPath7 = SMC.Academico.EntityRepository
		SccProjectUniqueName8 = SMC.Academico.Domain\\SMC.Academico.Domain.csproj
		SccProjectName8 = SMC.Academico.Domain
		SccLocalPath8 = SMC.Academico.Domain
		SccProjectUniqueName9 = SMC.Academico.Recursos\\SMC.Academico.Recursos.csproj
		SccProjectName9 = SMC.Academico.Recursos
		SccLocalPath9 = SMC.Academico.Recursos
		SccProjectUniqueName10 = SMC.SGA.Aluno\\SMC.SGA.Aluno.csproj
		SccProjectName10 = SMC.SGA.Aluno
		SccLocalPath10 = SMC.SGA.Aluno
		SccProjectUniqueName11 = SMC.Academico.WebApi\\SMC.Academico.WebApi.csproj
		SccProjectName11 = SMC.Academico.WebApi
		SccLocalPath11 = SMC.Academico.WebApi
		SccProjectUniqueName12 = SMC.SGA.Professor\\SMC.SGA.Professor.csproj
		SccProjectName12 = SMC.SGA.Professor
		SccLocalPath12 = SMC.SGA.Professor
		SccProjectUniqueName13 = SMC.SGA.BDP\\SMC.SGA.BDP.csproj
		SccProjectName13 = SMC.SGA.BDP
		SccLocalPath13 = SMC.SGA.BDP
		SccProjectUniqueName14 = SMC.Academico.DataRepository\\SMC.Academico.DataRepository.csproj
		SccProjectName14 = SMC.Academico.DataRepository
		SccLocalPath14 = SMC.Academico.DataRepository
		SccProjectUniqueName15 = SMC.Academico.Tests\\SMC.Academico.Tests.csproj
		SccProjectName15 = SMC.Academico.Tests
		SccLocalPath15 = SMC.Academico.Tests
		SccProjectUniqueName16 = SMC.Academico.ReportHost\\SMC.Academico.ReportHost.csproj
		SccProjectName16 = SMC.Academico.ReportHost
		SccLocalPath16 = SMC.Academico.ReportHost
		SccProjectUniqueName17 = SMC.Academico.UnitTests\\SMC.Academico.UnitTests.csproj
		SccProjectName17 = SMC.Academico.UnitTests
		SccLocalPath17 = SMC.Academico.UnitTests
		SccProjectUniqueName18 = SMC.Academico.Client\\SMC.Academico.Client.njsproj
		SccProjectName18 = SMC.Academico.Client
		SccLocalPath18 = SMC.Academico.Client
		SccProjectUniqueName19 = SMC.SGA.Mobile\\SMC.SGA.Mobile.csproj
		SccProjectName19 = SMC.SGA.Mobile
		SccLocalPath19 = SMC.SGA.Mobile
		SccProjectUniqueName20 = SMC.Academico.FilesCollection\\SMC.Academico.FilesCollection.csproj
		SccProjectName20 = SMC.Academico.FilesCollection
		SccLocalPath20 = SMC.Academico.FilesCollection
	EndGlobalSection
EndGlobal
